#
# This file is autogenerated by pip-compile with Python 3.12
# by the following command:
#
#    pip-compile --output-file=requirements.lock pyproject.toml
#
asgiref==3.11.1
    # via django
django==5.2.15
    # via
    #   biblioteca-digital-logistica-publica (pyproject.toml)
    #   django-csp
django-csp==3.8
    # via biblioteca-digital-logistica-publica (pyproject.toml)
django-environ==0.13.0
    # via biblioteca-digital-logistica-publica (pyproject.toml)
et-xmlfile==2.0.0
    # via openpyxl
gunicorn==26.0.0
    # via biblioteca-digital-logistica-publica (pyproject.toml)
openpyxl==3.1.5
    # via biblioteca-digital-logistica-publica (pyproject.toml)
packaging==26.2
    # via gunicorn
psycopg2-binary==2.9.12
    # via biblioteca-digital-logistica-publica (pyproject.toml)
sqlparse==0.5.5
    # via django
whitenoise==6.12.0
    # via biblioteca-digital-logistica-publica (pyproject.toml)
